
Microsoft Visual Studio Solution File, Format Version 12.00
# Visual Studio Version 16
VisualStudioVersion = 16.0.32002.261
MinimumVisualStudioVersion = 10.0.40219.1
Project("{9A19103F-16F7-4668-BE54-9A1E7A4F7556}") = "InheritanceDemo", "InheritanceDemo\InheritanceDemo.csproj", "{F095211A-DEB1-4CFE-9E1D-A746A33507C3}"
EndProject
Project("{9A19103F-16F7-4668-BE54-9A1E7A4F7556}") = "EmployeeBL", "EmployeeBL\EmployeeBL.csproj", "{B36FE021-6317-4637-8C47-A872ABB944A9}"
EndProject
Project("{FAE04EC0-301F-11D3-BF4B-00C04F79EFBC}") = "PolymorphismDemo", "PolymorphismDemo\PolymorphismDemo.csproj", "{3306FFED-5720-44F6-8FAF-DE4C00FBB37B}"
EndProject
Global
	GlobalSection(SolutionConfigurationPlatforms) = preSolution
		Debug|Any CPU = Debug|Any CPU
		Release|Any CPU = Release|Any CPU
	EndGlobalSection
	GlobalSection(ProjectConfigurationPlatforms) = postSolution
		{F095211A-DEB1-4CFE-9E1D-A746A33507C3}.Debug|Any CPU.ActiveCfg = Debug|Any CPU
		{F095211A-DEB1-4CFE-9E1D-A746A33507C3}.Debug|Any CPU.Build.0 = Debug|Any CPU
		{F095211A-DEB1-4CFE-9E1D-A746A33507C3}.Release|Any CPU.ActiveCfg = Release|Any CPU
		{F095211A-DEB1-4CFE-9E1D-A746A33507C3}.Release|Any CPU.Build.0 = Release|Any CPU
		{B36FE021-6317-4637-8C47-A872ABB944A9}.Debug|Any CPU.ActiveCfg = Debug|Any CPU
		{B36FE021-6317-4637-8C47-A872ABB944A9}.Debug|Any CPU.Build.0 = Debug|Any CPU
		{B36FE021-6317-4637-8C47-A872ABB944A9}.Release|Any CPU.ActiveCfg = Release|Any CPU
		{B36FE021-6317-4637-8C47-A872ABB944A9}.Release|Any CPU.Build.0 = Release|Any CPU
		{3306FFED-5720-44F6-8FAF-DE4C00FBB37B}.Debug|Any CPU.ActiveCfg = Debug|Any CPU
		{3306FFED-5720-44F6-8FAF-DE4C00FBB37B}.Debug|Any CPU.Build.0 = Debug|Any CPU
		{3306FFED-5720-44F6-8FAF-DE4C00FBB37B}.Release|Any CPU.ActiveCfg = Release|Any CPU
		{3306FFED-5720-44F6-8FAF-DE4C00FBB37B}.Release|Any CPU.Build.0 = Release|Any CPU
	EndGlobalSection
	GlobalSection(SolutionProperties) = preSolution
		HideSolutionNode = FALSE
	EndGlobalSection
	GlobalSection(ExtensibilityGlobals) = postSolution
		SolutionGuid = {6AABEA9E-AD10-4CB5-9D48-1D5579D4FEA7}
	EndGlobalSection
EndGlobal
